
Microsoft Visual Studio Solution File, Format Version 12.00
# Visual Studio Version 17
VisualStudioVersion = 17.8.34330.188
MinimumVisualStudioVersion = 10.0.40219.1
Project("{9A19103F-16F7-4668-BE54-9A1E7A4F7556}") = "Tkmm", "Tkmm\Tkmm.csproj", "{3321B06B-B5CB-4CA2-BD21-33E583964517}"
EndProject
Project("{9A19103F-16F7-4668-BE54-9A1E7A4F7556}") = "Tkmm.Desktop", "Tkmm.Desktop\Tkmm.Desktop.csproj", "{40A7617E-DE6F-4042-BF60-160D7C5AD87F}"
EndProject
Project("{9A19103F-16F7-4668-BE54-9A1E7A4F7556}") = "Tkmm.Core", "Tkmm.Core\Tkmm.Core.csproj", "{86A281FB-31CC-4DEE-ABE6-2D7CBDBF111D}"
EndProject
Project("{9A19103F-16F7-4668-BE54-9A1E7A4F7556}") = "Tkmm.Launcher", "Tkmm.Launcher\Tkmm.Launcher.csproj", "{5F81B9EE-5AB0-4424-ABD8-CF70247871AD}"
EndProject
Project("{2150E333-8FDC-42A3-9474-1A3956D46DE8}") = "Libraries", "Libraries", "{1EF81CF1-1A94-46D7-AF67-FD31D1626304}"
EndProject
Project("{2150E333-8FDC-42A3-9474-1A3956D46DE8}") = "MalsMerger", "MalsMerger", "{C560F3DA-B393-4379-85E3-62A3511F5EF7}"
EndProject
Project("{9A19103F-16F7-4668-BE54-9A1E7A4F7556}") = "MalsMerger.Core", "..\lib\MalsMerger\src\MalsMerger.Core\MalsMerger.Core.csproj", "{BC009BB4-E869-412F-A06C-9530C28B6AB6}"
EndProject
Project("{2150E333-8FDC-42A3-9474-1A3956D46DE8}") = "RstbCalculator", "RstbCalculator", "{AA95BD8A-FFB4-46E0-8871-70CB5F4E54DC}"
EndProject
Project("{9A19103F-16F7-4668-BE54-9A1E7A4F7556}") = "TotkRstbGenerator.Core", "..\lib\TotK-RstbCalculator\src\TotkRstbGenerator.Core\TotkRstbGenerator.Core.csproj", "{8A914881-DD66-4A58-B8D1-E4D55259F9FD}"
EndProject
Project("{2150E333-8FDC-42A3-9474-1A3956D46DE8}") = "TKMM-SARC", "TKMM-SARC", "{53D7C4BC-6673-4DE9-9A0C-D0BDE0471F50}"
EndProject
Project("{9A19103F-16F7-4668-BE54-9A1E7A4F7556}") = "TKMM.SarcTool.Core", "..\lib\TKMM-SARC\TKMM.SarcTool.Core\TKMM.SarcTool.Core.csproj", "{9AD4B3F1-C822-4546-88DE-36179D1AFD90}"
EndProject
Project("{9A19103F-16F7-4668-BE54-9A1E7A4F7556}") = "Tkmm.Switch", "Tkmm.Switch\Tkmm.Switch.csproj", "{E39A7115-A72A-4B4E-9635-BDBA4B08B719}"
EndProject
Project("{2150E333-8FDC-42A3-9474-1A3956D46DE8}") = "RsdbMerger", "RsdbMerger", "{5C2AA240-B9CD-4B83-9DAE-70D0A91A2238}"
EndProject
Project("{9A19103F-16F7-4668-BE54-9A1E7A4F7556}") = "RsdbMerger.Core", "..\lib\RsdbMerger\src\RsdbMerger.Core\RsdbMerger.Core.csproj", "{ED1B004E-6928-4F0B-80D1-E32338457973}"
EndProject
Project("{2150E333-8FDC-42A3-9474-1A3956D46DE8}") = "IPS.NET", "IPS.NET", "{DF14E9CC-3BAD-4E27-AD59-3C9CBBDB7550}"
EndProject
Project("{9A19103F-16F7-4668-BE54-9A1E7A4F7556}") = "IPS.NET.Core", "..\lib\IPS.NET\IPS.NET.Core\IPS.NET.Core.csproj", "{CE16DF39-0FC9-424C-AD27-B71AA205923E}"
EndProject
Global
	GlobalSection(SolutionConfigurationPlatforms) = preSolution
		Debug|Any CPU = Debug|Any CPU
		Release|Any CPU = Release|Any CPU
	EndGlobalSection
	GlobalSection(ProjectConfigurationPlatforms) = postSolution
		{3321B06B-B5CB-4CA2-BD21-33E583964517}.Debug|Any CPU.ActiveCfg = Debug|Any CPU
		{3321B06B-B5CB-4CA2-BD21-33E583964517}.Debug|Any CPU.Build.0 = Debug|Any CPU
		{3321B06B-B5CB-4CA2-BD21-33E583964517}.Release|Any CPU.ActiveCfg = Release|Any CPU
		{3321B06B-B5CB-4CA2-BD21-33E583964517}.Release|Any CPU.Build.0 = Release|Any CPU
		{40A7617E-DE6F-4042-BF60-160D7C5AD87F}.Debug|Any CPU.ActiveCfg = Debug|Any CPU
		{40A7617E-DE6F-4042-BF60-160D7C5AD87F}.Debug|Any CPU.Build.0 = Debug|Any CPU
		{40A7617E-DE6F-4042-BF60-160D7C5AD87F}.Release|Any CPU.ActiveCfg = Release|Any CPU
		{40A7617E-DE6F-4042-BF60-160D7C5AD87F}.Release|Any CPU.Build.0 = Release|Any CPU
		{86A281FB-31CC-4DEE-ABE6-2D7CBDBF111D}.Debug|Any CPU.ActiveCfg = Debug|Any CPU
		{86A281FB-31CC-4DEE-ABE6-2D7CBDBF111D}.Debug|Any CPU.Build.0 = Debug|Any CPU
		{86A281FB-31CC-4DEE-ABE6-2D7CBDBF111D}.Release|Any CPU.ActiveCfg = Release|Any CPU
		{86A281FB-31CC-4DEE-ABE6-2D7CBDBF111D}.Release|Any CPU.Build.0 = Release|Any CPU
		{5F81B9EE-5AB0-4424-ABD8-CF70247871AD}.Debug|Any CPU.ActiveCfg = Debug|Any CPU
		{5F81B9EE-5AB0-4424-ABD8-CF70247871AD}.Debug|Any CPU.Build.0 = Debug|Any CPU
		{5F81B9EE-5AB0-4424-ABD8-CF70247871AD}.Release|Any CPU.ActiveCfg = Release|Any CPU
		{5F81B9EE-5AB0-4424-ABD8-CF70247871AD}.Release|Any CPU.Build.0 = Release|Any CPU
		{BC009BB4-E869-412F-A06C-9530C28B6AB6}.Debug|Any CPU.ActiveCfg = Debug|Any CPU
		{BC009BB4-E869-412F-A06C-9530C28B6AB6}.Debug|Any CPU.Build.0 = Debug|Any CPU
		{BC009BB4-E869-412F-A06C-9530C28B6AB6}.Release|Any CPU.ActiveCfg = Release|Any CPU
		{BC009BB4-E869-412F-A06C-9530C28B6AB6}.Release|Any CPU.Build.0 = Release|Any CPU
		{8A914881-DD66-4A58-B8D1-E4D55259F9FD}.Debug|Any CPU.ActiveCfg = Debug|Any CPU
		{8A914881-DD66-4A58-B8D1-E4D55259F9FD}.Debug|Any CPU.Build.0 = Debug|Any CPU
		{8A914881-DD66-4A58-B8D1-E4D55259F9FD}.Release|Any CPU.ActiveCfg = Release|Any CPU
		{8A914881-DD66-4A58-B8D1-E4D55259F9FD}.Release|Any CPU.Build.0 = Release|Any CPU
		{9AD4B3F1-C822-4546-88DE-36179D1AFD90}.Debug|Any CPU.ActiveCfg = Debug|Any CPU
		{9AD4B3F1-C822-4546-88DE-36179D1AFD90}.Debug|Any CPU.Build.0 = Debug|Any CPU
		{9AD4B3F1-C822-4546-88DE-36179D1AFD90}.Release|Any CPU.ActiveCfg = Release|Any CPU
		{9AD4B3F1-C822-4546-88DE-36179D1AFD90}.Release|Any CPU.Build.0 = Release|Any CPU
		{E39A7115-A72A-4B4E-9635-BDBA4B08B719}.Debug|Any CPU.ActiveCfg = Debug|Any CPU
		{E39A7115-A72A-4B4E-9635-BDBA4B08B719}.Debug|Any CPU.Build.0 = Debug|Any CPU
		{E39A7115-A72A-4B4E-9635-BDBA4B08B719}.Release|Any CPU.ActiveCfg = Release|Any CPU
		{E39A7115-A72A-4B4E-9635-BDBA4B08B719}.Release|Any CPU.Build.0 = Release|Any CPU
		{ED1B004E-6928-4F0B-80D1-E32338457973}.Debug|Any CPU.ActiveCfg = Debug|Any CPU
		{ED1B004E-6928-4F0B-80D1-E32338457973}.Debug|Any CPU.Build.0 = Debug|Any CPU
		{ED1B004E-6928-4F0B-80D1-E32338457973}.Release|Any CPU.ActiveCfg = Release|Any CPU
		{ED1B004E-6928-4F0B-80D1-E32338457973}.Release|Any CPU.Build.0 = Release|Any CPU
		{CE16DF39-0FC9-424C-AD27-B71AA205923E}.Debug|Any CPU.ActiveCfg = Debug|Any CPU
		{CE16DF39-0FC9-424C-AD27-B71AA205923E}.Debug|Any CPU.Build.0 = Debug|Any CPU
		{CE16DF39-0FC9-424C-AD27-B71AA205923E}.Release|Any CPU.ActiveCfg = Release|Any CPU
		{CE16DF39-0FC9-424C-AD27-B71AA205923E}.Release|Any CPU.Build.0 = Release|Any CPU
	EndGlobalSection
	GlobalSection(SolutionProperties) = preSolution
		HideSolutionNode = FALSE
	EndGlobalSection
	GlobalSection(NestedProjects) = preSolution
		{C560F3DA-B393-4379-85E3-62A3511F5EF7} = {1EF81CF1-1A94-46D7-AF67-FD31D1626304}
		{BC009BB4-E869-412F-A06C-9530C28B6AB6} = {C560F3DA-B393-4379-85E3-62A3511F5EF7}
		{AA95BD8A-FFB4-46E0-8871-70CB5F4E54DC} = {1EF81CF1-1A94-46D7-AF67-FD31D1626304}
		{8A914881-DD66-4A58-B8D1-E4D55259F9FD} = {AA95BD8A-FFB4-46E0-8871-70CB5F4E54DC}
		{53D7C4BC-6673-4DE9-9A0C-D0BDE0471F50} = {1EF81CF1-1A94-46D7-AF67-FD31D1626304}
		{9AD4B3F1-C822-4546-88DE-36179D1AFD90} = {53D7C4BC-6673-4DE9-9A0C-D0BDE0471F50}
		{5C2AA240-B9CD-4B83-9DAE-70D0A91A2238} = {1EF81CF1-1A94-46D7-AF67-FD31D1626304}
		{ED1B004E-6928-4F0B-80D1-E32338457973} = {5C2AA240-B9CD-4B83-9DAE-70D0A91A2238}
		{DF14E9CC-3BAD-4E27-AD59-3C9CBBDB7550} = {1EF81CF1-1A94-46D7-AF67-FD31D1626304}
		{CE16DF39-0FC9-424C-AD27-B71AA205923E} = {DF14E9CC-3BAD-4E27-AD59-3C9CBBDB7550}
	EndGlobalSection
	GlobalSection(ExtensibilityGlobals) = postSolution
		SolutionGuid = {1E3CBDD9-5DDE-459B-AAA6-90CAD61F9EA4}
	EndGlobalSection
EndGlobal
