
Microsoft Visual Studio Solution File, Format Version 12.00
# Visual Studio Version 17
VisualStudioVersion = 17.8.34330.188
MinimumVisualStudioVersion = 10.0.40219.1
Project("{9A19103F-16F7-4668-BE54-9A1E7A4F7556}") = "Tkmm", "Tkmm\Tkmm.csproj", "{40A7617E-DE6F-4042-BF60-160D7C5AD87F}"
EndProject
Project("{FAE04EC0-301F-11D3-BF4B-00C04F79EFBC}") = "Tkmm.Core", "Tkmm.Core\Tkmm.Core.csproj", "{6DD1C078-465E-4E9C-BD01-1DCCDCCA1F59}"
EndProject
Project("{2150E333-8FDC-42A3-9474-1A3956D46DE8}") = "Libraries", "Libraries", "{411C48B7-E3B1-4DF2-B50F-050AF2FC9422}"
EndProject
Project("{FAE04EC0-301F-11D3-BF4B-00C04F79EFBC}") = "TkSharp", "..\lib\TkSharp\TkSharp\TkSharp.csproj", "{DAAC115F-BEDC-42C3-BC2D-E616D844D36F}"
EndProject
Project("{FAE04EC0-301F-11D3-BF4B-00C04F79EFBC}") = "TkSharp.Core", "..\lib\TkSharp\TkSharp.Core\TkSharp.Core.csproj", "{7603D55B-8F37-4946-84F6-D8A2A6DA616F}"
EndProject
Project("{FAE04EC0-301F-11D3-BF4B-00C04F79EFBC}") = "TkSharp.Packaging", "..\lib\TkSharp\TkSharp.Packaging\TkSharp.Packaging.csproj", "{BF282D82-81D1-45E1-BAB9-8CB1461A24E6}"
EndProject
Project("{FAE04EC0-301F-11D3-BF4B-00C04F79EFBC}") = "TkSharp.Merging", "..\lib\TkSharp\TkSharp.Merging\TkSharp.Merging.csproj", "{A4188EAB-A561-4074-8BE6-689729EC2291}"
EndProject
Project("{FAE04EC0-301F-11D3-BF4B-00C04F79EFBC}") = "TkSharp.Data.Embedded", "..\lib\TkSharp\TkSharp.Data.Embedded\TkSharp.Data.Embedded.csproj", "{752A393E-55A3-41C7-8407-2A1778B80825}"
EndProject
Project("{2150E333-8FDC-42A3-9474-1A3956D46DE8}") = "Extensions", "Extensions", "{C34A697E-BBDA-436A-B7F6-A6A6BD0B8C15}"
EndProject
Project("{FAE04EC0-301F-11D3-BF4B-00C04F79EFBC}") = "TkSharp.Extensions.GameBanana", "..\lib\TkSharp\Extensions\TkSharp.Extensions.GameBanana\TkSharp.Extensions.GameBanana.csproj", "{B7D0212D-15E8-486A-ADF1-FEE0CAFAD76A}"
EndProject
Project("{FAE04EC0-301F-11D3-BF4B-00C04F79EFBC}") = "TkSharp.Extensions.LibHac", "..\lib\TkSharp\Extensions\TkSharp.Extensions.LibHac\TkSharp.Extensions.LibHac.csproj", "{BEE26115-4E5D-4F9D-9772-F24EF61E9D9F}"
EndProject
Project("{FAE04EC0-301F-11D3-BF4B-00C04F79EFBC}") = "Tkmm.VirtualKeyboard", "Tkmm.VirtualKeyboard\Tkmm.VirtualKeyboard.csproj", "{0BB004B5-A9CD-4089-B643-E3D1D2E049B7}"
EndProject
Project("{FAE04EC0-301F-11D3-BF4B-00C04F79EFBC}") = "Tkmm.LocaleGenerator", "Tkmm.LocaleGenerator\Tkmm.LocaleGenerator.csproj", "{FFE19802-37FC-40B3-BE6F-353B7852124F}"
EndProject
Global
	GlobalSection(SolutionConfigurationPlatforms) = preSolution
		Debug|Any CPU = Debug|Any CPU
		Release|Any CPU = Release|Any CPU
	EndGlobalSection
	GlobalSection(ProjectConfigurationPlatforms) = postSolution
		{40A7617E-DE6F-4042-BF60-160D7C5AD87F}.Debug|Any CPU.ActiveCfg = Debug|Any CPU
		{40A7617E-DE6F-4042-BF60-160D7C5AD87F}.Debug|Any CPU.Build.0 = Debug|Any CPU
		{40A7617E-DE6F-4042-BF60-160D7C5AD87F}.Release|Any CPU.ActiveCfg = Release|Any CPU
		{40A7617E-DE6F-4042-BF60-160D7C5AD87F}.Release|Any CPU.Build.0 = Release|Any CPU
		{6DD1C078-465E-4E9C-BD01-1DCCDCCA1F59}.Debug|Any CPU.ActiveCfg = Debug|Any CPU
		{6DD1C078-465E-4E9C-BD01-1DCCDCCA1F59}.Debug|Any CPU.Build.0 = Debug|Any CPU
		{6DD1C078-465E-4E9C-BD01-1DCCDCCA1F59}.Release|Any CPU.ActiveCfg = Release|Any CPU
		{6DD1C078-465E-4E9C-BD01-1DCCDCCA1F59}.Release|Any CPU.Build.0 = Release|Any CPU
		{DAAC115F-BEDC-42C3-BC2D-E616D844D36F}.Debug|Any CPU.ActiveCfg = Debug|Any CPU
		{DAAC115F-BEDC-42C3-BC2D-E616D844D36F}.Debug|Any CPU.Build.0 = Debug|Any CPU
		{DAAC115F-BEDC-42C3-BC2D-E616D844D36F}.Release|Any CPU.ActiveCfg = Release|Any CPU
		{DAAC115F-BEDC-42C3-BC2D-E616D844D36F}.Release|Any CPU.Build.0 = Release|Any CPU
		{7603D55B-8F37-4946-84F6-D8A2A6DA616F}.Debug|Any CPU.ActiveCfg = Debug|Any CPU
		{7603D55B-8F37-4946-84F6-D8A2A6DA616F}.Debug|Any CPU.Build.0 = Debug|Any CPU
		{7603D55B-8F37-4946-84F6-D8A2A6DA616F}.Release|Any CPU.ActiveCfg = Release|Any CPU
		{7603D55B-8F37-4946-84F6-D8A2A6DA616F}.Release|Any CPU.Build.0 = Release|Any CPU
		{BF282D82-81D1-45E1-BAB9-8CB1461A24E6}.Debug|Any CPU.ActiveCfg = Debug|Any CPU
		{BF282D82-81D1-45E1-BAB9-8CB1461A24E6}.Debug|Any CPU.Build.0 = Debug|Any CPU
		{BF282D82-81D1-45E1-BAB9-8CB1461A24E6}.Release|Any CPU.ActiveCfg = Release|Any CPU
		{BF282D82-81D1-45E1-BAB9-8CB1461A24E6}.Release|Any CPU.Build.0 = Release|Any CPU
		{A4188EAB-A561-4074-8BE6-689729EC2291}.Debug|Any CPU.ActiveCfg = Debug|Any CPU
		{A4188EAB-A561-4074-8BE6-689729EC2291}.Debug|Any CPU.Build.0 = Debug|Any CPU
		{A4188EAB-A561-4074-8BE6-689729EC2291}.Release|Any CPU.ActiveCfg = Release|Any CPU
		{A4188EAB-A561-4074-8BE6-689729EC2291}.Release|Any CPU.Build.0 = Release|Any CPU
		{752A393E-55A3-41C7-8407-2A1778B80825}.Debug|Any CPU.ActiveCfg = Debug|Any CPU
		{752A393E-55A3-41C7-8407-2A1778B80825}.Debug|Any CPU.Build.0 = Debug|Any CPU
		{752A393E-55A3-41C7-8407-2A1778B80825}.Release|Any CPU.ActiveCfg = Release|Any CPU
		{752A393E-55A3-41C7-8407-2A1778B80825}.Release|Any CPU.Build.0 = Release|Any CPU
		{B7D0212D-15E8-486A-ADF1-FEE0CAFAD76A}.Debug|Any CPU.ActiveCfg = Debug|Any CPU
		{B7D0212D-15E8-486A-ADF1-FEE0CAFAD76A}.Debug|Any CPU.Build.0 = Debug|Any CPU
		{B7D0212D-15E8-486A-ADF1-FEE0CAFAD76A}.Release|Any CPU.ActiveCfg = Release|Any CPU
		{B7D0212D-15E8-486A-ADF1-FEE0CAFAD76A}.Release|Any CPU.Build.0 = Release|Any CPU
		{BEE26115-4E5D-4F9D-9772-F24EF61E9D9F}.Debug|Any CPU.ActiveCfg = Debug|Any CPU
		{BEE26115-4E5D-4F9D-9772-F24EF61E9D9F}.Debug|Any CPU.Build.0 = Debug|Any CPU
		{BEE26115-4E5D-4F9D-9772-F24EF61E9D9F}.Release|Any CPU.ActiveCfg = Release|Any CPU
		{BEE26115-4E5D-4F9D-9772-F24EF61E9D9F}.Release|Any CPU.Build.0 = Release|Any CPU
		{0BB004B5-A9CD-4089-B643-E3D1D2E049B7}.Debug|Any CPU.ActiveCfg = Debug|Any CPU
		{0BB004B5-A9CD-4089-B643-E3D1D2E049B7}.Debug|Any CPU.Build.0 = Debug|Any CPU
		{0BB004B5-A9CD-4089-B643-E3D1D2E049B7}.Release|Any CPU.ActiveCfg = Release|Any CPU
		{0BB004B5-A9CD-4089-B643-E3D1D2E049B7}.Release|Any CPU.Build.0 = Release|Any CPU
		{FFE19802-37FC-40B3-BE6F-353B7852124F}.Debug|Any CPU.ActiveCfg = Debug|Any CPU
		{FFE19802-37FC-40B3-BE6F-353B7852124F}.Debug|Any CPU.Build.0 = Debug|Any CPU
		{FFE19802-37FC-40B3-BE6F-353B7852124F}.Release|Any CPU.ActiveCfg = Release|Any CPU
		{FFE19802-37FC-40B3-BE6F-353B7852124F}.Release|Any CPU.Build.0 = Release|Any CPU
	EndGlobalSection
	GlobalSection(SolutionProperties) = preSolution
		HideSolutionNode = FALSE
	EndGlobalSection
	GlobalSection(NestedProjects) = preSolution
		{DAAC115F-BEDC-42C3-BC2D-E616D844D36F} = {411C48B7-E3B1-4DF2-B50F-050AF2FC9422}
		{7603D55B-8F37-4946-84F6-D8A2A6DA616F} = {411C48B7-E3B1-4DF2-B50F-050AF2FC9422}
		{BF282D82-81D1-45E1-BAB9-8CB1461A24E6} = {411C48B7-E3B1-4DF2-B50F-050AF2FC9422}
		{A4188EAB-A561-4074-8BE6-689729EC2291} = {411C48B7-E3B1-4DF2-B50F-050AF2FC9422}
		{752A393E-55A3-41C7-8407-2A1778B80825} = {411C48B7-E3B1-4DF2-B50F-050AF2FC9422}
		{C34A697E-BBDA-436A-B7F6-A6A6BD0B8C15} = {411C48B7-E3B1-4DF2-B50F-050AF2FC9422}
		{B7D0212D-15E8-486A-ADF1-FEE0CAFAD76A} = {C34A697E-BBDA-436A-B7F6-A6A6BD0B8C15}
		{BEE26115-4E5D-4F9D-9772-F24EF61E9D9F} = {C34A697E-BBDA-436A-B7F6-A6A6BD0B8C15}
	EndGlobalSection
	GlobalSection(ExtensibilityGlobals) = postSolution
		SolutionGuid = {1E3CBDD9-5DDE-459B-AAA6-90CAD61F9EA4}
	EndGlobalSection
EndGlobal
